{
  "name": "updated",
  "version": "0.0.0-semantically-released",
  "lockfileVersion": 2,
  "requires": true,
  "packages": {
    "": {
      "name": "updated",
      "version": "0.0.0-semantically-released",
      "license": "MIT",
      "dependencies": {
        "semver": "^7.3.7"
      },
      "bin": {
        "updated": "index.js"
      },
      "engines": {
        "node": ">=14"
      },
      "funding": {
        "type": "individual",
        "url": "https://github.com/sponsors/ahmadnassri"
      }
    },
    "node_modules/semver": {
      "version": "7.7.0",
      "resolved": "https://registry.npmjs.org/semver/-/semver-7.7.0.tgz",
      "integrity": "sha512-DrfFnPzblFmNrIZzg5RzHegbiRWg7KMR7btwi2yjHwx06zsUbO5g613sVwEV7FTwmzJu+Io0lJe2GJ3LxqpvBQ==",
      "license": "ISC",
      "bin": {
        "semver": "bin/semver.js"
      },
      "engines": {
        "node": ">=10"
      }
    }
  },
  "dependencies": {
    "semver": {
      "version": "7.7.0",
      "resolved": "https://registry.npmjs.org/semver/-/semver-7.7.0.tgz",
      "integrity": "sha512-DrfFnPzblFmNrIZzg5RzHegbiRWg7KMR7btwi2yjHwx06zsUbO5g613sVwEV7FTwmzJu+Io0lJe2GJ3LxqpvBQ=="
    }
  }
}
